
Microsoft Visual Studio Solution File, Format Version 11.00
# Visual Studio 2010
Project("{FAE04EC0-301F-11D3-BF4B-00C04F79EFBC}") = "NFSClient", "NFSClient\NFSClient.csproj", "{090C08C3-CC29-4983-8CC2-C47542A5E61A}"
EndProject
Project("{54435603-DBB4-11D2-8724-00A0C9A8B90C}") = "NFSClientSetup", "NFSClientSetup\NFSClientSetup.vdproj", "{BF4979F3-1C7C-4496-BA9D-8AF325623C64}"
EndProject
Global
	GlobalSection(SolutionConfigurationPlatforms) = preSolution
		Debug|x86 = Debug|x86
		Release|x86 = Release|x86
	EndGlobalSection
	GlobalSection(ProjectConfigurationPlatforms) = postSolution
		{090C08C3-CC29-4983-8CC2-C47542A5E61A}.Debug|x86.ActiveCfg = Debug|x86
		{090C08C3-CC29-4983-8CC2-C47542A5E61A}.Debug|x86.Build.0 = Debug|x86
		{090C08C3-CC29-4983-8CC2-C47542A5E61A}.Release|x86.ActiveCfg = Release|x86
		{090C08C3-CC29-4983-8CC2-C47542A5E61A}.Release|x86.Build.0 = Release|x86
		{BF4979F3-1C7C-4496-BA9D-8AF325623C64}.Debug|x86.ActiveCfg = Debug
		{BF4979F3-1C7C-4496-BA9D-8AF325623C64}.Release|x86.ActiveCfg = Release
	EndGlobalSection
	GlobalSection(SolutionProperties) = preSolution
		HideSolutionNode = FALSE
	EndGlobalSection
EndGlobal
